
Microsoft Visual Studio Solution File, Format Version 12.00
# Visual Studio Version 17
VisualStudioVersion = 17.14.37012.4 d17.14
MinimumVisualStudioVersion = 10.0.40219.1
Project("{FAE04EC0-301F-11D3-BF4B-00C04F79EFBC}") = "Library.mvc", "Library.mvc\Library.mvc.csproj", "{80885613-E462-4DBD-8426-C468E9F2523B}"
EndProject
Project("{FAE04EC0-301F-11D3-BF4B-00C04F79EFBC}") = "Library.domain", "Library.domain\Library.domain.csproj", "{3AA4C081-4E59-41B8-8F8C-D931116EDF5A}"
EndProject
Project("{FAE04EC0-301F-11D3-BF4B-00C04F79EFBC}") = "Library.Tests", "Library.Tests\Library.Tests.csproj", "{1973451B-1555-48D3-B47E-9F1576F50910}"
EndProject
Global
	GlobalSection(SolutionConfigurationPlatforms) = preSolution
		Debug|Any CPU = Debug|Any CPU
		Release|Any CPU = Release|Any CPU
	EndGlobalSection
	GlobalSection(ProjectConfigurationPlatforms) = postSolution
		{80885613-E462-4DBD-8426-C468E9F2523B}.Debug|Any CPU.ActiveCfg = Debug|Any CPU
		{80885613-E462-4DBD-8426-C468E9F2523B}.Debug|Any CPU.Build.0 = Debug|Any CPU
		{80885613-E462-4DBD-8426-C468E9F2523B}.Release|Any CPU.ActiveCfg = Release|Any CPU
		{80885613-E462-4DBD-8426-C468E9F2523B}.Release|Any CPU.Build.0 = Release|Any CPU
		{3AA4C081-4E59-41B8-8F8C-D931116EDF5A}.Debug|Any CPU.ActiveCfg = Debug|Any CPU
		{3AA4C081-4E59-41B8-8F8C-D931116EDF5A}.Debug|Any CPU.Build.0 = Debug|Any CPU
		{3AA4C081-4E59-41B8-8F8C-D931116EDF5A}.Release|Any CPU.ActiveCfg = Release|Any CPU
		{3AA4C081-4E59-41B8-8F8C-D931116EDF5A}.Release|Any CPU.Build.0 = Release|Any CPU
		{1973451B-1555-48D3-B47E-9F1576F50910}.Debug|Any CPU.ActiveCfg = Debug|Any CPU
		{1973451B-1555-48D3-B47E-9F1576F50910}.Debug|Any CPU.Build.0 = Debug|Any CPU
		{1973451B-1555-48D3-B47E-9F1576F50910}.Release|Any CPU.ActiveCfg = Release|Any CPU
		{1973451B-1555-48D3-B47E-9F1576F50910}.Release|Any CPU.Build.0 = Release|Any CPU
	EndGlobalSection
	GlobalSection(SolutionProperties) = preSolution
		HideSolutionNode = FALSE
	EndGlobalSection
	GlobalSection(ExtensibilityGlobals) = postSolution
		SolutionGuid = {A28EF552-732B-4B31-96A3-8117FCDCB3D5}
	EndGlobalSection
EndGlobal
